
Microsoft Visual Studio Solution File, Format Version 12.00
# Visual Studio Version 16
VisualStudioVersion = 16.0.30611.23
MinimumVisualStudioVersion = 10.0.40219.1
Project("{FAE04EC0-301F-11D3-BF4B-00C04F79EFBC}") = "ProjectManagementToolKit", "ProjectManagementToolKit\ProjectManagementToolKit.csproj", "{4881086C-1ACD-4D7D-8FE5-6AD695AE1558}"
EndProject
Global
	GlobalSection(SolutionConfigurationPlatforms) = preSolution
		Debug|Any CPU = Debug|Any CPU
		Release|Any CPU = Release|Any CPU
	EndGlobalSection
	GlobalSection(ProjectConfigurationPlatforms) = postSolution
		{4881086C-1ACD-4D7D-8FE5-6AD695AE1558}.Debug|Any CPU.ActiveCfg = Debug|Any CPU
		{4881086C-1ACD-4D7D-8FE5-6AD695AE1558}.Debug|Any CPU.Build.0 = Debug|Any CPU
		{4881086C-1ACD-4D7D-8FE5-6AD695AE1558}.Release|Any CPU.ActiveCfg = Release|Any CPU
		{4881086C-1ACD-4D7D-8FE5-6AD695AE1558}.Release|Any CPU.Build.0 = Release|Any CPU
	EndGlobalSection
	GlobalSection(SolutionProperties) = preSolution
		HideSolutionNode = FALSE
	EndGlobalSection
	GlobalSection(ExtensibilityGlobals) = postSolution
		SolutionGuid = {AA51832F-57EF-4060-8A4D-ED124DF5B137}
	EndGlobalSection
EndGlobal
